
Microsoft Visual Studio Solution File, Format Version 12.00
# Visual Studio Version 17
VisualStudioVersion = 17.10.35122.118
MinimumVisualStudioVersion = 10.0.40219.1
Project("{FAE04EC0-301F-11D3-BF4B-00C04F79EFBC}") = "Day7", "Day7\Day7.csproj", "{2710A1CE-1E0E-4174-BB1B-A1901F6E7870}"
EndProject
Global
	GlobalSection(SolutionConfigurationPlatforms) = preSolution
		Debug|Any CPU = Debug|Any CPU
		Release|Any CPU = Release|Any CPU
	EndGlobalSection
	GlobalSection(ProjectConfigurationPlatforms) = postSolution
		{2710A1CE-1E0E-4174-BB1B-A1901F6E7870}.Debug|Any CPU.ActiveCfg = Debug|Any CPU
		{2710A1CE-1E0E-4174-BB1B-A1901F6E7870}.Debug|Any CPU.Build.0 = Debug|Any CPU
		{2710A1CE-1E0E-4174-BB1B-A1901F6E7870}.Release|Any CPU.ActiveCfg = Release|Any CPU
		{2710A1CE-1E0E-4174-BB1B-A1901F6E7870}.Release|Any CPU.Build.0 = Release|Any CPU
	EndGlobalSection
	GlobalSection(SolutionProperties) = preSolution
		HideSolutionNode = FALSE
	EndGlobalSection
	GlobalSection(ExtensibilityGlobals) = postSolution
		SolutionGuid = {38BA19AE-134D-44E0-BCD7-7DCD265A0DC6}
	EndGlobalSection
EndGlobal
