
Microsoft Visual Studio Solution File, Format Version 12.00
# Visual Studio Version 17
VisualStudioVersion = 17.10.35027.167
MinimumVisualStudioVersion = 10.0.40219.1
Project("{FAE04EC0-301F-11D3-BF4B-00C04F79EFBC}") = "day5itiass", "day5itiass\day5itiass.csproj", "{6E6589E4-0E19-4BC5-B27D-66A576930A3A}"
EndProject
Global
	GlobalSection(SolutionConfigurationPlatforms) = preSolution
		Debug|Any CPU = Debug|Any CPU
		Release|Any CPU = Release|Any CPU
	EndGlobalSection
	GlobalSection(ProjectConfigurationPlatforms) = postSolution
		{6E6589E4-0E19-4BC5-B27D-66A576930A3A}.Debug|Any CPU.ActiveCfg = Debug|Any CPU
		{6E6589E4-0E19-4BC5-B27D-66A576930A3A}.Debug|Any CPU.Build.0 = Debug|Any CPU
		{6E6589E4-0E19-4BC5-B27D-66A576930A3A}.Release|Any CPU.ActiveCfg = Release|Any CPU
		{6E6589E4-0E19-4BC5-B27D-66A576930A3A}.Release|Any CPU.Build.0 = Release|Any CPU
	EndGlobalSection
	GlobalSection(SolutionProperties) = preSolution
		HideSolutionNode = FALSE
	EndGlobalSection
	GlobalSection(ExtensibilityGlobals) = postSolution
		SolutionGuid = {CBEDC324-7C9B-4657-9408-78B5E14B6C01}
	EndGlobalSection
EndGlobal
