
Microsoft Visual Studio Solution File, Format Version 12.00
# Visual Studio Version 17
VisualStudioVersion = 17.10.35027.167
MinimumVisualStudioVersion = 10.0.40219.1
Project("{FAE04EC0-301F-11D3-BF4B-00C04F79EFBC}") = "Day4iti", "Day4iti\Day4iti.csproj", "{0CBAC7AA-776E-4411-B541-77C9291465EF}"
EndProject
Project("{FAE04EC0-301F-11D3-BF4B-00C04F79EFBC}") = "ClassLibrary1", "ClassLibrary1\ClassLibrary1.csproj", "{702D208F-7873-4F60-99AF-85A65AF1F51D}"
EndProject
Global
	GlobalSection(SolutionConfigurationPlatforms) = preSolution
		Debug|Any CPU = Debug|Any CPU
		Release|Any CPU = Release|Any CPU
	EndGlobalSection
	GlobalSection(ProjectConfigurationPlatforms) = postSolution
		{0CBAC7AA-776E-4411-B541-77C9291465EF}.Debug|Any CPU.ActiveCfg = Debug|Any CPU
		{0CBAC7AA-776E-4411-B541-77C9291465EF}.Debug|Any CPU.Build.0 = Debug|Any CPU
		{0CBAC7AA-776E-4411-B541-77C9291465EF}.Release|Any CPU.ActiveCfg = Release|Any CPU
		{0CBAC7AA-776E-4411-B541-77C9291465EF}.Release|Any CPU.Build.0 = Release|Any CPU
		{702D208F-7873-4F60-99AF-85A65AF1F51D}.Debug|Any CPU.ActiveCfg = Debug|Any CPU
		{702D208F-7873-4F60-99AF-85A65AF1F51D}.Debug|Any CPU.Build.0 = Debug|Any CPU
		{702D208F-7873-4F60-99AF-85A65AF1F51D}.Release|Any CPU.ActiveCfg = Release|Any CPU
		{702D208F-7873-4F60-99AF-85A65AF1F51D}.Release|Any CPU.Build.0 = Release|Any CPU
	EndGlobalSection
	GlobalSection(SolutionProperties) = preSolution
		HideSolutionNode = FALSE
	EndGlobalSection
	GlobalSection(ExtensibilityGlobals) = postSolution
		SolutionGuid = {01F692D1-2AC9-48E3-B081-DE5B9BB9FDB2}
	EndGlobalSection
EndGlobal
