
Microsoft Visual Studio Solution File, Format Version 12.00
# Visual Studio Version 17
VisualStudioVersion = 17.10.35027.167
MinimumVisualStudioVersion = 10.0.40219.1
Project("{FAE04EC0-301F-11D3-BF4B-00C04F79EFBC}") = "Menu", "Menu\Menu.csproj", "{F87FDD84-8C14-41AF-9CDE-603049FFFF64}"
EndProject
Global
	GlobalSection(SolutionConfigurationPlatforms) = preSolution
		Debug|Any CPU = Debug|Any CPU
		Release|Any CPU = Release|Any CPU
	EndGlobalSection
	GlobalSection(ProjectConfigurationPlatforms) = postSolution
		{F87FDD84-8C14-41AF-9CDE-603049FFFF64}.Debug|Any CPU.ActiveCfg = Debug|Any CPU
		{F87FDD84-8C14-41AF-9CDE-603049FFFF64}.Debug|Any CPU.Build.0 = Debug|Any CPU
		{F87FDD84-8C14-41AF-9CDE-603049FFFF64}.Release|Any CPU.ActiveCfg = Release|Any CPU
		{F87FDD84-8C14-41AF-9CDE-603049FFFF64}.Release|Any CPU.Build.0 = Release|Any CPU
	EndGlobalSection
	GlobalSection(SolutionProperties) = preSolution
		HideSolutionNode = FALSE
	EndGlobalSection
	GlobalSection(ExtensibilityGlobals) = postSolution
		SolutionGuid = {BD1BE842-9C47-431E-BE66-8A8B06BC414A}
	EndGlobalSection
EndGlobal
