
Microsoft Visual Studio Solution File, Format Version 12.00
# Visual Studio Version 17
VisualStudioVersion = 17.10.35027.167
MinimumVisualStudioVersion = 10.0.40219.1
Project("{FAE04EC0-301F-11D3-BF4B-00C04F79EFBC}") = "day8iti", "day8iti\day8iti.csproj", "{FA72D64B-8CDC-4DFC-AAD0-9228BFDD854C}"
EndProject
Project("{FAE04EC0-301F-11D3-BF4B-00C04F79EFBC}") = "bubblesort", "bubblesort\bubblesort.csproj", "{B1AE36F3-20F9-4EE3-9D63-3847D44FE234}"
EndProject
Global
	GlobalSection(SolutionConfigurationPlatforms) = preSolution
		Debug|Any CPU = Debug|Any CPU
		Release|Any CPU = Release|Any CPU
	EndGlobalSection
	GlobalSection(ProjectConfigurationPlatforms) = postSolution
		{FA72D64B-8CDC-4DFC-AAD0-9228BFDD854C}.Debug|Any CPU.ActiveCfg = Debug|Any CPU
		{FA72D64B-8CDC-4DFC-AAD0-9228BFDD854C}.Debug|Any CPU.Build.0 = Debug|Any CPU
		{FA72D64B-8CDC-4DFC-AAD0-9228BFDD854C}.Release|Any CPU.ActiveCfg = Release|Any CPU
		{FA72D64B-8CDC-4DFC-AAD0-9228BFDD854C}.Release|Any CPU.Build.0 = Release|Any CPU
		{B1AE36F3-20F9-4EE3-9D63-3847D44FE234}.Debug|Any CPU.ActiveCfg = Debug|Any CPU
		{B1AE36F3-20F9-4EE3-9D63-3847D44FE234}.Debug|Any CPU.Build.0 = Debug|Any CPU
		{B1AE36F3-20F9-4EE3-9D63-3847D44FE234}.Release|Any CPU.ActiveCfg = Release|Any CPU
		{B1AE36F3-20F9-4EE3-9D63-3847D44FE234}.Release|Any CPU.Build.0 = Release|Any CPU
	EndGlobalSection
	GlobalSection(SolutionProperties) = preSolution
		HideSolutionNode = FALSE
	EndGlobalSection
	GlobalSection(ExtensibilityGlobals) = postSolution
		SolutionGuid = {26BA0820-26F4-4F53-8A70-551163D84DFE}
	EndGlobalSection
EndGlobal
