
Microsoft Visual Studio Solution File, Format Version 12.00
# Visual Studio Version 17
VisualStudioVersion = 17.10.35027.167
MinimumVisualStudioVersion = 10.0.40219.1
Project("{FAE04EC0-301F-11D3-BF4B-00C04F79EFBC}") = "Day3itiass", "Day3itiass\Day3itiass.csproj", "{F8BB4B89-15EB-427A-83B7-9EF0E9625943}"
EndProject
Project("{FAE04EC0-301F-11D3-BF4B-00C04F79EFBC}") = "Menu", "Menu\Menu.csproj", "{380EC47B-3364-4999-89B2-833896DED565}"
EndProject
Project("{FAE04EC0-301F-11D3-BF4B-00C04F79EFBC}") = "factorial", "factorial\factorial.csproj", "{F089EE3C-1424-431A-992A-3496A38E7895}"
EndProject
Global
	GlobalSection(SolutionConfigurationPlatforms) = preSolution
		Debug|Any CPU = Debug|Any CPU
		Release|Any CPU = Release|Any CPU
	EndGlobalSection
	GlobalSection(ProjectConfigurationPlatforms) = postSolution
		{F8BB4B89-15EB-427A-83B7-9EF0E9625943}.Debug|Any CPU.ActiveCfg = Debug|Any CPU
		{F8BB4B89-15EB-427A-83B7-9EF0E9625943}.Debug|Any CPU.Build.0 = Debug|Any CPU
		{F8BB4B89-15EB-427A-83B7-9EF0E9625943}.Release|Any CPU.ActiveCfg = Release|Any CPU
		{F8BB4B89-15EB-427A-83B7-9EF0E9625943}.Release|Any CPU.Build.0 = Release|Any CPU
		{380EC47B-3364-4999-89B2-833896DED565}.Debug|Any CPU.ActiveCfg = Debug|Any CPU
		{380EC47B-3364-4999-89B2-833896DED565}.Debug|Any CPU.Build.0 = Debug|Any CPU
		{380EC47B-3364-4999-89B2-833896DED565}.Release|Any CPU.ActiveCfg = Release|Any CPU
		{380EC47B-3364-4999-89B2-833896DED565}.Release|Any CPU.Build.0 = Release|Any CPU
		{F089EE3C-1424-431A-992A-3496A38E7895}.Debug|Any CPU.ActiveCfg = Debug|Any CPU
		{F089EE3C-1424-431A-992A-3496A38E7895}.Debug|Any CPU.Build.0 = Debug|Any CPU
		{F089EE3C-1424-431A-992A-3496A38E7895}.Release|Any CPU.ActiveCfg = Release|Any CPU
		{F089EE3C-1424-431A-992A-3496A38E7895}.Release|Any CPU.Build.0 = Release|Any CPU
	EndGlobalSection
	GlobalSection(SolutionProperties) = preSolution
		HideSolutionNode = FALSE
	EndGlobalSection
	GlobalSection(ExtensibilityGlobals) = postSolution
		SolutionGuid = {2F44A126-6B5A-43CB-868F-3BE04932260D}
	EndGlobalSection
EndGlobal
